        "@cyclonedx/cyclonedx-npm": "^4.1.0",
        "license-checker-rseidelsohn": "^4.4.2",
    "node_modules/@cyclonedx/cyclonedx-npm": {
      "version": "4.1.0",
      "resolved": "https://registry.npmjs.org/@cyclonedx/cyclonedx-npm/-/cyclonedx-npm-4.1.0.tgz",
      "integrity": "sha512-DoPAgYZElMWGT8Z8ZvFzuOYVwNALCH4z9YoJJ9zA36R+X/ezgx/WX0N3/Z8Z6pECLU44jFIcmH0tCPQtbGWHXw==",
      "dev": true,
      "funding": [
        {
          "type": "individual",
          "url": "https://owasp.org/donate/?reponame=www-project-cyclonedx&title=OWASP+CycloneDX"
        }
      ],
      "license": "Apache-2.0",
      "dependencies": {
        "@cyclonedx/cyclonedx-library": "^8.4.0||^9.0.0",
        "commander": "^14.0.0",
        "normalize-package-data": "^7.0.0 || ^8.0.0",
        "xmlbuilder2": "^3.0.2"
      },
      "bin": {
        "cyclonedx-npm": "bin/cyclonedx-npm-cli.js"
      },
      "engines": {
        "node": ">=20.18.0",
        "npm": ">=9"
      },
      "optionalDependencies": {
        "ajv": "^8.12.0",
        "ajv-formats": "^3.0.1",
        "ajv-formats-draft2019": "^1.6.1",
        "libxmljs2": "^0.35||^0.37"
      }
    },
    "node_modules/@cyclonedx/cyclonedx-npm/node_modules/@cyclonedx/cyclonedx-library": {
      "version": "9.2.0",
      "resolved": "https://registry.npmjs.org/@cyclonedx/cyclonedx-library/-/cyclonedx-library-9.2.0.tgz",
      "integrity": "sha512-ylwMFPjuOVKaRuQtEKFwPiJaygPZhkjvzDcSrtH8oZl2oCUTWwH2dEu692W4MjKLu5QgsnITLSDPc6149inyvg==",
      "dev": true,
      "funding": [
        {
          "type": "individual",
          "url": "https://owasp.org/donate/?reponame=www-project-cyclonedx&title=OWASP+CycloneDX"
        }
      ],
      "license": "Apache-2.0",
      "dependencies": {
        "packageurl-js": "^2.0.1",
        "spdx-expression-parse": "^3.0.1 || ^4"
      },
      "engines": {
        "node": ">=20.18.0"
      },
      "peerDependencies": {
        "ajv": "^8.12.0",
        "ajv-formats": "^3.0.1",
        "ajv-formats-draft2019": "^1.6.1",
        "libxmljs2": "^0.35||^0.37",
        "xmlbuilder2": "^3.0.2||^4.0.0"
      },
      "peerDependenciesMeta": {
        "ajv": {
          "optional": true
        },
        "ajv-formats": {
          "optional": true
        },
        "ajv-formats-draft2019": {
          "optional": true
        },
        "libxmljs2": {
          "optional": true
        },
        "xmlbuilder2": {
          "optional": true
        }
      }
    },
    "node_modules/@cyclonedx/cyclonedx-npm/node_modules/ajv": {
      "version": "8.17.1",
      "resolved": "https://registry.npmjs.org/ajv/-/ajv-8.17.1.tgz",
      "integrity": "sha512-B/gBuNg5SiMTrPkC+A2+cW0RszwxYmn6VYxB/inlBStS5nx6xHIt/ehKRhIMhqusl7a8LjQoZnjCs5vhwxOQ1g==",
      "dev": true,
      "license": "MIT",
      "optional": true,
      "dependencies": {
        "fast-deep-equal": "^3.1.3",
        "fast-uri": "^3.0.1",
        "json-schema-traverse": "^1.0.0",
        "require-from-string": "^2.0.2"
      },
      "funding": {
        "type": "github",
        "url": "https://github.com/sponsors/epoberezkin"
      }
    },
    "node_modules/@cyclonedx/cyclonedx-npm/node_modules/ajv-formats": {
      "version": "3.0.1",
      "resolved": "https://registry.npmjs.org/ajv-formats/-/ajv-formats-3.0.1.tgz",
      "integrity": "sha512-8iUql50EUR+uUcdRQ3HDqa6EVyo3docL8g5WJ3FNcWmu62IbkGUue/pEyLBW8VGKKucTPgqeks4fIU1DA4yowQ==",
      "dev": true,
      "license": "MIT",
      "optional": true,
      "dependencies": {
        "ajv": "^8.0.0"
      },
      "peerDependencies": {
        "ajv": "^8.0.0"
      },
      "peerDependenciesMeta": {
        "ajv": {
          "optional": true
        }
      }
    },
    "node_modules/@cyclonedx/cyclonedx-npm/node_modules/commander": {
      "version": "14.0.2",
      "resolved": "https://registry.npmjs.org/commander/-/commander-14.0.2.tgz",
      "integrity": "sha512-TywoWNNRbhoD0BXs1P3ZEScW8W5iKrnbithIl0YH+uCmBd0QpPOA8yc82DS3BIE5Ma6FnBVUsJ7wVUDz4dvOWQ==",
      "dev": true,
      "license": "MIT",
      "engines": {
        "node": ">=20"
      }
    },
    "node_modules/@cyclonedx/cyclonedx-npm/node_modules/json-schema-traverse": {
      "version": "1.0.0",
      "resolved": "https://registry.npmjs.org/json-schema-traverse/-/json-schema-traverse-1.0.0.tgz",
      "integrity": "sha512-NM8/P9n3XjXhIZn1lLhkFaACTOURQXjWhV4BA/RnOv8xvgqtqpAX9IO4mRQxSx1Rlo4tqzeqb0sOlruaOy3dug==",
      "dev": true,
      "license": "MIT",
      "optional": true
    },
    "node_modules/@npmcli/agent": {
      "version": "2.2.2",
      "resolved": "https://registry.npmjs.org/@npmcli/agent/-/agent-2.2.2.tgz",
      "integrity": "sha512-OrcNPXdpSl9UX7qPVRWbmWMCSXrcDa2M9DvrbOTj7ao1S4PlqVFYv9/yLKMkrJKZ/V5A/kDBC690or307i26Og==",
      "dev": true,
      "license": "ISC",
      "optional": true,
      "dependencies": {
        "agent-base": "^7.1.0",
        "http-proxy-agent": "^7.0.0",
        "https-proxy-agent": "^7.0.1",
        "lru-cache": "^10.0.1",
        "socks-proxy-agent": "^8.0.3"
      },
      "engines": {
        "node": "^16.14.0 || >=18.0.0"
      }
    },
    "node_modules/@oozcitak/dom": {
      "version": "1.15.10",
      "resolved": "https://registry.npmjs.org/@oozcitak/dom/-/dom-1.15.10.tgz",
      "integrity": "sha512-0JT29/LaxVgRcGKvHmSrUTEvZ8BXvZhGl2LASRUgHqDTC1M5g1pLmVv56IYNyt3bG2CUjDkc67wnyZC14pbQrQ==",
      "dev": true,
      "license": "MIT",
      "dependencies": {
        "@oozcitak/infra": "1.0.8",
        "@oozcitak/url": "1.0.4",
        "@oozcitak/util": "8.3.8"
      },
      "engines": {
        "node": ">=8.0"
      }
    },
    "node_modules/@oozcitak/infra": {
      "version": "1.0.8",
      "resolved": "https://registry.npmjs.org/@oozcitak/infra/-/infra-1.0.8.tgz",
      "integrity": "sha512-JRAUc9VR6IGHOL7OGF+yrvs0LO8SlqGnPAMqyzOuFZPSZSXI7Xf2O9+awQPSMXgIWGtgUf/dA6Hs6X6ySEaWTg==",
      "dev": true,
      "license": "MIT",
      "dependencies": {
        "@oozcitak/util": "8.3.8"
      },
      "engines": {
        "node": ">=6.0"
      }
    },
    "node_modules/@oozcitak/url": {
      "version": "1.0.4",
      "resolved": "https://registry.npmjs.org/@oozcitak/url/-/url-1.0.4.tgz",
      "integrity": "sha512-kDcD8y+y3FCSOvnBI6HJgl00viO/nGbQoCINmQ0h98OhnGITrWR3bOGfwYCthgcrV8AnTJz8MzslTQbC3SOAmw==",
      "dev": true,
      "license": "MIT",
      "dependencies": {
        "@oozcitak/infra": "1.0.8",
        "@oozcitak/util": "8.3.8"
      },
      "engines": {
        "node": ">=8.0"
      }
    },
    "node_modules/@oozcitak/util": {
      "version": "8.3.8",
      "resolved": "https://registry.npmjs.org/@oozcitak/util/-/util-8.3.8.tgz",
      "integrity": "sha512-T8TbSnGsxo6TDBJx/Sgv/BlVJL3tshxZP7Aq5R1mSnM5OcHY2dQaxLMu2+E8u3gN0MLOzdjurqN4ZRVuzQycOQ==",
      "dev": true,
      "license": "MIT",
      "engines": {
        "node": ">=8.0"
      }
    },
    "node_modules/abbrev": {
      "version": "2.0.0",
      "resolved": "https://registry.npmjs.org/abbrev/-/abbrev-2.0.0.tgz",
      "integrity": "sha512-6/mh1E2u2YgEsCHdY0Yx5oW+61gZU+1vXaoiHHrpKeuRNNgFvS+/jrwHiQhB5apAf5oB7UB7E19ol2R2LKH8hQ==",
      "dev": true,
      "license": "ISC",
      "engines": {
        "node": "^14.17.0 || ^16.13.0 || >=18.0.0"
      }
    },
    "node_modules/ajv-formats-draft2019": {
      "version": "1.6.1",
      "resolved": "https://registry.npmjs.org/ajv-formats-draft2019/-/ajv-formats-draft2019-1.6.1.tgz",
      "integrity": "sha512-JQPvavpkWDvIsBp2Z33UkYCtXCSpW4HD3tAZ+oL4iEFOk9obQZffx0yANwECt6vzr6ET+7HN5czRyqXbnq/u0Q==",
      "dev": true,
      "license": "MIT",
      "optional": true,
      "dependencies": {
        "punycode": "^2.1.1",
        "schemes": "^1.4.0",
        "smtp-address-parser": "^1.0.3",
        "uri-js": "^4.4.1"
      },
      "peerDependencies": {
        "ajv": "*"
      }
    },
    "node_modules/array-find-index": {
      "version": "1.0.2",
      "resolved": "https://registry.npmjs.org/array-find-index/-/array-find-index-1.0.2.tgz",
      "integrity": "sha512-M1HQyIXcBGtVywBt8WVdim+lrNaK7VHp99Qt5pSNziXznKHViIBbXWtfRTpEFpF/c4FdfxNAsCCwPp5phBYJtw==",
      "dev": true,
      "license": "MIT",
      "engines": {
        "node": ">=0.10.0"
      }
    },
    "node_modules/bindings": {
      "version": "1.5.0",
      "resolved": "https://registry.npmjs.org/bindings/-/bindings-1.5.0.tgz",
      "integrity": "sha512-p2q/t/mhvuOj/UeLlV6566GD/guowlr0hHxClI0W9m7MWYkL1F0hLo+0Aexs9HSPCtR1SXQ0TD3MMKrXZajbiQ==",
      "dev": true,
      "license": "MIT",
      "optional": true,
      "dependencies": {
        "file-uri-to-path": "1.0.0"
      }
    },
    "node_modules/bl": {
      "version": "4.1.0",
      "resolved": "https://registry.npmjs.org/bl/-/bl-4.1.0.tgz",
      "integrity": "sha512-1W07cM9gS6DcLperZfFSj+bWLtaPGSOHWhPiGzXmvVJbRLdG82sH/Kn8EtW1VqWVA54AKf2h5k5BbnIbwF3h6w==",
      "dev": true,
      "license": "MIT",
      "optional": true,
      "dependencies": {
        "buffer": "^5.5.0",
        "inherits": "^2.0.4",
        "readable-stream": "^3.4.0"
      }
    },
    "node_modules/decompress-response": {
      "version": "6.0.0",
      "resolved": "https://registry.npmjs.org/decompress-response/-/decompress-response-6.0.0.tgz",
      "integrity": "sha512-aW35yZM6Bb/4oJlZncMH2LCoZtJXTRxES17vE3hoRiowU2kWHaJKFkSBDnDR+cm9J+9QhXmREyIfv0pji9ejCQ==",
      "dev": true,
      "license": "MIT",
      "optional": true,
      "dependencies": {
        "mimic-response": "^3.1.0"
      },
      "engines": {
        "node": ">=10"
      },
      "funding": {
        "url": "https://github.com/sponsors/sindresorhus"
      }
    },
    "node_modules/discontinuous-range": {
      "version": "1.0.0",
      "resolved": "https://registry.npmjs.org/discontinuous-range/-/discontinuous-range-1.0.0.tgz",
      "integrity": "sha512-c68LpLbO+7kP/b1Hr1qs8/BJ09F5khZGTxqxZuhzxpmwJKOgRFHJWIb9/KmqnqHhLdO55aOxFH/EGBvUQbL/RQ==",
      "dev": true,
      "license": "MIT",
      "optional": true
    },
    "node_modules/encoding": {
      "version": "0.1.13",
      "resolved": "https://registry.npmjs.org/encoding/-/encoding-0.1.13.tgz",
      "integrity": "sha512-ETBauow1T35Y/WZMkio9jiM0Z5xjHHmJ4XmjZOq1l/dXz3lr2sRn87nJy20RupqSh1F2m3HHPSp8ShIPQJrJ3A==",
      "license": "MIT",
      "optional": true,
      "dependencies": {
        "iconv-lite": "^0.6.2"
      }
    },
    "node_modules/err-code": {
      "version": "2.0.3",
      "resolved": "https://registry.npmjs.org/err-code/-/err-code-2.0.3.tgz",
      "integrity": "sha512-2bmlRpNKBxT/CRmPOlyISQpNj+qSeYvcym/uT0Jx2bMOlKLtSy1ZmLuVxSEKKyor/N5yhvp/ZiG1oE3DEYMSFA==",
      "dev": true,
      "license": "MIT",
      "optional": true
    },
    "node_modules/expand-template": {
      "version": "2.0.3",
      "resolved": "https://registry.npmjs.org/expand-template/-/expand-template-2.0.3.tgz",
      "integrity": "sha512-XYfuKMvj4O35f/pOXLObndIRvyQ+/+6AhODh+OKWj9S9498pHHn/IMszH+gt0fBCRWMNfk1ZSp5x3AifmnI2vg==",
      "dev": true,
      "license": "(MIT OR WTFPL)",
      "optional": true,
      "engines": {
        "node": ">=6"
      }
    },
    "node_modules/extend": {
      "version": "3.0.2",
      "resolved": "https://registry.npmjs.org/extend/-/extend-3.0.2.tgz",
      "integrity": "sha512-fjquC59cD7CyW6urNXK0FBufkZcoiGG80wTuPujX590cB5Ttln20E2UB4S/WARVqhXffZl2LNgS+gQdPIIim/g==",
      "dev": true,
      "license": "MIT",
      "optional": true
    },
    "node_modules/file-uri-to-path": {
      "version": "1.0.0",
      "resolved": "https://registry.npmjs.org/file-uri-to-path/-/file-uri-to-path-1.0.0.tgz",
      "integrity": "sha512-0Zt+s3L7Vf1biwWZ29aARiVYLx7iMGnEUl9x33fbB/j3jR81u/O2LbqK+Bm1CDSNDKVtJ/YjwY7TUd5SkeLQLw==",
      "dev": true,
      "license": "MIT",
      "optional": true
    },
    "node_modules/fs-constants": {
      "version": "1.0.0",
      "resolved": "https://registry.npmjs.org/fs-constants/-/fs-constants-1.0.0.tgz",
      "integrity": "sha512-y6OAwoSIf7FyjMIv94u+b5rdheZEjzR63GTyZJm5qh4Bi+2YgwLCcI/fPFZkL5PSixOt6ZNKm+w+Hfp/Bciwow==",
      "dev": true,
      "license": "MIT",
      "optional": true
    },
    "node_modules/github-from-package": {
      "version": "0.0.0",
      "resolved": "https://registry.npmjs.org/github-from-package/-/github-from-package-0.0.0.tgz",
      "integrity": "sha512-SyHy3T1v2NUXn29OsWdxmK6RwHD+vkj3v8en8AOBZ1wBQ/hCAQ5bAQTD02kW4W9tUp/3Qh6J8r9EvntiyCmOOw==",
      "dev": true,
      "license": "MIT",
      "optional": true
    },
    "node_modules/http-cache-semantics": {
      "version": "4.2.0",
      "resolved": "https://registry.npmjs.org/http-cache-semantics/-/http-cache-semantics-4.2.0.tgz",
      "integrity": "sha512-dTxcvPXqPvXBQpq5dUr6mEMJX4oIEFv6bwom3FDwKRDsuIjjJGANqhBuoAn9c1RQJIdAKav33ED65E2ys+87QQ==",
      "dev": true,
      "license": "BSD-2-Clause",
      "optional": true
    },
      "devOptional": true,
    "node_modules/is-lambda": {
      "version": "1.0.1",
      "resolved": "https://registry.npmjs.org/is-lambda/-/is-lambda-1.0.1.tgz",
      "integrity": "sha512-z7CMFGNrENq5iFB9Bqo64Xk6Y9sg+epq1myIcdHaGnbMTYOxvzsEtdYqQUylB7LxfkvgrrjP32T6Ywciio9UIQ==",
      "dev": true,
      "license": "MIT",
      "optional": true
    },
    "node_modules/json-parse-even-better-errors": {
      "version": "3.0.2",
      "resolved": "https://registry.npmjs.org/json-parse-even-better-errors/-/json-parse-even-better-errors-3.0.2.tgz",
      "integrity": "sha512-fi0NG4bPjCHunUJffmLd0gxssIgkNmArMvis4iNah6Owg1MCJjWhEcDLmsK6iGkJq3tHwbDkTlce70/tmXN4cQ==",
      "dev": true,
      "license": "MIT",
      "engines": {
        "node": "^14.17.0 || ^16.13.0 || >=18.0.0"
      }
    },
    "node_modules/libxmljs2": {
      "version": "0.35.0",
      "resolved": "https://registry.npmjs.org/libxmljs2/-/libxmljs2-0.35.0.tgz",
      "integrity": "sha512-SpVopqn4YNydnLjkGfL6yQwzjlipmEnCCsVrD/0hQmdgsQWb5rVmSJxxjQltHIUTto29vgX+PhLjXoc+gMeABQ==",
      "hasInstallScript": true,
      "license": "MIT",
      "optional": true,
        "bindings": "~1.5.0",
        "nan": "~2.20.0",
        "node-gyp": "^10.2.0",
        "prebuild-install": "^7.1.2"
      },
      "engines": {
        "node": ">=18"
      }
    },
    "node_modules/license-checker-rseidelsohn": {
      "version": "4.4.2",
      "resolved": "https://registry.npmjs.org/license-checker-rseidelsohn/-/license-checker-rseidelsohn-4.4.2.tgz",
      "integrity": "sha512-Sf8WaJhd2vELvCne+frS9AXqnY/vv591s2/nZcJDwTnoNgltG4mAmoenffVb8L2YPRYbxARLyrHJBC38AVfpuA==",
      "dev": true,
      "license": "BSD-3-Clause",
      "dependencies": {
        "chalk": "4.1.2",
        "debug": "^4.3.4",
        "lodash.clonedeep": "^4.5.0",
        "mkdirp": "^1.0.4",
        "nopt": "^7.2.0",
        "read-installed-packages": "^2.0.1",
        "semver": "^7.3.5",
        "spdx-correct": "^3.1.1",
        "spdx-expression-parse": "^3.0.1",
        "spdx-satisfies": "^5.0.1",
        "treeify": "^1.1.0"
      },
      "bin": {
        "license-checker-rseidelsohn": "bin/license-checker-rseidelsohn.js"
      },
      "engines": {
        "node": ">=18",
        "npm": ">=8"
      }
    },
    "node_modules/license-checker-rseidelsohn/node_modules/mkdirp": {
      "version": "1.0.4",
      "resolved": "https://registry.npmjs.org/mkdirp/-/mkdirp-1.0.4.tgz",
      "integrity": "sha512-vVqVZQyf3WLx2Shd0qJ9xuvqgAyKPLAiqITEtqW0oIUjzo3PePDd6fW9iFz30ef7Ysp/oiWqbhszeGWW2T6Gzw==",
      "dev": true,
      "license": "MIT",
      "bin": {
        "mkdirp": "bin/cmd.js"
      },
      "engines": {
        "node": ">=10"
      }
    },
    "node_modules/lighthouse": {
      "version": "12.1.0",
      "resolved": "https://registry.npmjs.org/lighthouse/-/lighthouse-12.1.0.tgz",
      "integrity": "sha512-PQLaNcv3tQcybnYux6T8uoS6+RNrNYvVJBbGo0kkbD4XTjesGslOXWeMkUQDK7c28nLfVZi7gYWDUsicTLglKQ==",
      "dev": true,
      "license": "Apache-2.0",
      "dependencies": {
        "@paulirish/trace_engine": "^0.0.23",
        "@sentry/node": "^6.17.4",
    "node_modules/lodash.clonedeep": {
      "version": "4.5.0",
      "resolved": "https://registry.npmjs.org/lodash.clonedeep/-/lodash.clonedeep-4.5.0.tgz",
      "integrity": "sha512-H5ZhCF25riFd9uB5UCkVKo61m3S/xZk1x4wA6yp/L3RFP6Z/eHH1ymQcGLo7J3GMPfm0V/7m1tryHuGVxpqEBQ==",
      "dev": true,
      "license": "MIT"
    },
    "node_modules/make-fetch-happen": {
      "version": "13.0.1",
      "resolved": "https://registry.npmjs.org/make-fetch-happen/-/make-fetch-happen-13.0.1.tgz",
      "integrity": "sha512-cKTUFc/rbKUd/9meOvgrpJ2WrNzymt6jfRDdwg5UCnVzv9dTpEj9JS5m3wtziXVCjluIXyL8pcaukYqezIzZQA==",
      "dev": true,
      "license": "ISC",
      "optional": true,
      "dependencies": {
        "@npmcli/agent": "^2.0.0",
        "cacache": "^18.0.0",
        "http-cache-semantics": "^4.1.1",
        "is-lambda": "^1.0.1",
        "minipass": "^7.0.2",
        "minipass-fetch": "^3.0.0",
        "minipass-flush": "^1.0.5",
        "minipass-pipeline": "^1.2.4",
        "negotiator": "^0.6.3",
        "proc-log": "^4.2.0",
        "promise-retry": "^2.0.1",
        "ssri": "^10.0.0"
      },
      "engines": {
        "node": "^16.14.0 || >=18.0.0"
      }
    },
    "node_modules/mimic-response": {
      "version": "3.1.0",
      "resolved": "https://registry.npmjs.org/mimic-response/-/mimic-response-3.1.0.tgz",
      "integrity": "sha512-z0yWI+4FDrrweS8Zmt4Ej5HdJmky15+L2e6Wgn3+iK5fWzb6T3fhNFq2+MeTRb064c6Wr4N/wv0DzQTjNzHNGQ==",
      "dev": true,
      "license": "MIT",
      "optional": true,
      "engines": {
        "node": ">=10"
      },
      "funding": {
        "url": "https://github.com/sponsors/sindresorhus"
      }
    },
    "node_modules/minipass-fetch": {
      "version": "3.0.5",
      "resolved": "https://registry.npmjs.org/minipass-fetch/-/minipass-fetch-3.0.5.tgz",
      "integrity": "sha512-2N8elDQAtSnFV0Dk7gt15KHsS0Fyz6CbYZ360h0WTYV1Ty46li3rAXVOQj1THMNLdmrD9Vt5pBPtWtVkpwGBqg==",
      "dev": true,
      "license": "MIT",
      "optional": true,
      "dependencies": {
        "minipass": "^7.0.3",
        "minipass-sized": "^1.0.3",
        "minizlib": "^2.1.2"
      },
      "engines": {
        "node": "^14.17.0 || ^16.13.0 || >=18.0.0"
      },
      "optionalDependencies": {
        "encoding": "^0.1.13"
      }
    },
    "node_modules/minipass-sized": {
      "version": "1.0.3",
      "resolved": "https://registry.npmjs.org/minipass-sized/-/minipass-sized-1.0.3.tgz",
      "integrity": "sha512-MbkQQ2CTiBMlA2Dm/5cY+9SWFEN8pzzOXi6rlM5Xxq0Yqbda5ZQy9sU75a673FE9ZK0Zsbr6Y5iP6u9nktfg2g==",
      "dev": true,
      "license": "ISC",
      "optional": true,
      "dependencies": {
        "minipass": "^3.0.0"
      },
      "engines": {
        "node": ">=8"
      }
    },
    "node_modules/minipass-sized/node_modules/minipass": {
      "version": "3.3.6",
      "resolved": "https://registry.npmjs.org/minipass/-/minipass-3.3.6.tgz",
      "integrity": "sha512-DxiNidxSEK+tHG6zOIklvNOwm3hvCrbUrdtzY74U6HKTJxvIDfOUL5W5P2Ghd3DTkhhKPYGqeNUIh5qcM4YBfw==",
      "dev": true,
      "license": "ISC",
      "optional": true,
      "dependencies": {
        "yallist": "^4.0.0"
      },
      "engines": {
        "node": ">=8"
      }
    },
    "node_modules/mkdirp-classic": {
      "version": "0.5.3",
      "resolved": "https://registry.npmjs.org/mkdirp-classic/-/mkdirp-classic-0.5.3.tgz",
      "integrity": "sha512-gKLcREMhtuZRwRAfqP3RFW+TK4JqApVBtOIftVgjuABpAtpxhPGaDcfvbhNvD0B8iD1oUr/txX35NjcaY6Ns/A==",
      "dev": true,
      "license": "MIT",
      "optional": true
    },
    "node_modules/moo": {
      "version": "0.5.2",
      "resolved": "https://registry.npmjs.org/moo/-/moo-0.5.2.tgz",
      "integrity": "sha512-iSAJLHYKnX41mKcJKjqvnAN9sf0LMDTXDEvFv+ffuRR9a1MIuXLjMNL6EsnDHSkKLTWNqQQ5uo61P4EbU4NU+Q==",
      "dev": true,
      "license": "BSD-3-Clause",
      "optional": true
    },
    "node_modules/nan": {
      "version": "2.20.0",
      "resolved": "https://registry.npmjs.org/nan/-/nan-2.20.0.tgz",
      "integrity": "sha512-bk3gXBZDGILuuo/6sKtr0DQmSThYHLtNCdSdXk9YkxD/jK6X2vmCyyXBBxyqZ4XcnzTyYEAThfX3DCEnLf6igw==",
      "dev": true,
      "license": "MIT",
      "optional": true
    },
    "node_modules/napi-build-utils": {
      "version": "2.0.0",
      "resolved": "https://registry.npmjs.org/napi-build-utils/-/napi-build-utils-2.0.0.tgz",
      "integrity": "sha512-GEbrYkbfF7MoNaoh2iGG84Mnf/WZfB0GdGEsM8wz7Expx/LlWf5U8t9nvJKXSp3qr5IsEbK04cBGhol/KwOsWA==",
      "dev": true,
      "license": "MIT",
      "optional": true
    },
    "node_modules/nearley": {
      "version": "2.20.1",
      "resolved": "https://registry.npmjs.org/nearley/-/nearley-2.20.1.tgz",
      "integrity": "sha512-+Mc8UaAebFzgV+KpI5n7DasuuQCHA89dmwm7JXw3TV43ukfNQ9DnBH3Mdb2g/I4Fdxc26pwimBWvjIw0UAILSQ==",
      "dev": true,
      "license": "MIT",
      "optional": true,
      "dependencies": {
        "commander": "^2.19.0",
        "moo": "^0.5.0",
        "railroad-diagrams": "^1.0.0",
        "randexp": "0.4.6"
      },
      "bin": {
        "nearley-railroad": "bin/nearley-railroad.js",
        "nearley-test": "bin/nearley-test.js",
        "nearley-unparse": "bin/nearley-unparse.js",
        "nearleyc": "bin/nearleyc.js"
      },
      "funding": {
        "type": "individual",
        "url": "https://nearley.js.org/#give-to-nearley"
      }
    },
    "node_modules/nearley/node_modules/commander": {
      "version": "2.20.3",
      "resolved": "https://registry.npmjs.org/commander/-/commander-2.20.3.tgz",
      "integrity": "sha512-GpVkmM8vF2vQUkj2LvZmD35JxeJOLCwJ9cUkugyk2nuhbv3+mJvpLYYt+0+USMxE+oj+ey/lJEnhZw75x/OMcQ==",
      "dev": true,
      "license": "MIT",
      "optional": true
    },
    "node_modules/node-abi": {
      "version": "3.80.0",
      "resolved": "https://registry.npmjs.org/node-abi/-/node-abi-3.80.0.tgz",
      "integrity": "sha512-LyPuZJcI9HVwzXK1GPxWNzrr+vr8Hp/3UqlmWxxh8p54U1ZbclOqbSog9lWHaCX+dBaiGi6n/hIX+mKu74GmPA==",
      "dev": true,
      "license": "MIT",
      "optional": true,
      "dependencies": {
        "semver": "^7.3.5"
      },
      "funding": {
        "url": "https://github.com/sindresorhus/emittery?sponsor=1"
      }
    },
    "node_modules/exit": {
      "version": "0.1.2",
      "resolved": "https://registry.npmjs.org/exit/-/exit-0.1.2.tgz",
      "integrity": "sha512-Zk/eNKV2zbjpKzrsQ+n1G6poVbErQxJ0LBOJXaKZ1EViLzH+hrLu9cdXI4zw9dBQJslwBEpbQ2P1oS7nDxs6jQ==",
      "dev": true,
      "engines": {
        "node": ">=10"
      }
    },
    "node_modules/node-gyp": {
      "version": "10.3.1",
      "resolved": "https://registry.npmjs.org/node-gyp/-/node-gyp-10.3.1.tgz",
      "integrity": "sha512-Pp3nFHBThHzVtNY7U6JfPjvT/DTE8+o/4xKsLQtBoU+j2HLsGlhcfzflAoUreaJbNmYnX+LlLi0qjV8kpyO6xQ==",
      "dev": true,
      "license": "MIT",
      "optional": true,
      "dependencies": {
        "env-paths": "^2.2.0",
        "exponential-backoff": "^3.1.1",
        "glob": "^10.3.10",
        "graceful-fs": "^4.2.6",
        "make-fetch-happen": "^13.0.0",
        "nopt": "^7.0.0",
        "proc-log": "^4.1.0",
        "semver": "^7.3.5",
        "tar": "^6.2.1",
        "which": "^4.0.0"
      },
      "bin": {
        "node-gyp": "bin/node-gyp.js"
      },
      "engines": {
        "node": "^16.14.0 || >=18.0.0"
      }
    },
    "node_modules/node-gyp/node_modules/isexe": {
      "version": "3.1.1",
      "resolved": "https://registry.npmjs.org/isexe/-/isexe-3.1.1.tgz",
      "integrity": "sha512-LpB/54B+/2J5hqQ7imZHfdU31OlgQqx7ZicVlkm9kzg9/w8GKLEcFfJl/t7DCEDueOyBAD6zCCwTO6Fzs0NoEQ==",
      "dev": true,
      "license": "ISC",
      "optional": true,
      "engines": {
        "node": ">=16"
      }
    },
    "node_modules/node-gyp/node_modules/which": {
      "version": "4.0.0",
      "resolved": "https://registry.npmjs.org/which/-/which-4.0.0.tgz",
      "integrity": "sha512-GlaYyEb07DPxYCKhKzplCWBJtvxZcZMrL+4UkrTSJHHPyZU4mYYTv3qaOe77H7EODLSSopAUFAc6W8U4yqvscg==",
      "dev": true,
      "license": "ISC",
      "optional": true,
      "dependencies": {
        "isexe": "^3.1.1"
      },
      "bin": {
        "node-which": "bin/which.js"
      },
      "engines": {
        "node": "^16.13.0 || >=18.0.0"
      }
    },
    "node_modules/nopt": {
      "version": "7.2.1",
      "resolved": "https://registry.npmjs.org/nopt/-/nopt-7.2.1.tgz",
      "integrity": "sha512-taM24ViiimT/XntxbPyJQzCG+p4EKOpgD3mxFwW38mGjVUrfERQOeY4EDHjdnptttfHuHQXFx+lTP08Q+mLa/w==",
      "dev": true,
      "license": "ISC",
      "dependencies": {
        "abbrev": "^2.0.0"
      },
      "bin": {
        "nopt": "bin/nopt.js"
      },
      "engines": {
        "node": "^14.17.0 || ^16.13.0 || >=18.0.0"
      }
    },
    "node_modules/normalize-package-data": {
      "version": "8.0.0",
      "resolved": "https://registry.npmjs.org/normalize-package-data/-/normalize-package-data-8.0.0.tgz",
      "integrity": "sha512-RWk+PI433eESQ7ounYxIp67CYuVsS1uYSonX3kA6ps/3LWfjVQa/ptEg6Y3T6uAMq1mWpX9PQ+qx+QaHpsc7gQ==",
      "dev": true,
      "license": "BSD-2-Clause",
      "dependencies": {
        "hosted-git-info": "^9.0.0",
        "semver": "^7.3.5",
        "validate-npm-package-license": "^3.0.4"
      },
      "engines": {
        "node": "^20.17.0 || >=22.9.0"
      }
    },
    "node_modules/normalize-package-data/node_modules/hosted-git-info": {
      "version": "9.0.2",
      "resolved": "https://registry.npmjs.org/hosted-git-info/-/hosted-git-info-9.0.2.tgz",
      "integrity": "sha512-M422h7o/BR3rmCQ8UHi7cyyMqKltdP9Uo+J2fXK+RSAY+wTcKOIRyhTuKv4qn+DJf3g+PL890AzId5KZpX+CBg==",
      "dev": true,
      "license": "ISC",
      "dependencies": {
        "lru-cache": "^11.1.0"
      },
      "engines": {
        "node": "^20.17.0 || >=22.9.0"
      }
    },
    "node_modules/normalize-package-data/node_modules/lru-cache": {
      "version": "11.2.2",
      "resolved": "https://registry.npmjs.org/lru-cache/-/lru-cache-11.2.2.tgz",
      "integrity": "sha512-F9ODfyqML2coTIsQpSkRHnLSZMtkU8Q+mSfcaIyKwy58u+8k5nvAYeiNhsyMARvzNcXJ9QfWVrcPsC9e9rAxtg==",
      "dev": true,
      "license": "ISC",
      "engines": {
        "node": "20 || >=22"
      }
    },
    "node_modules/npm-normalize-package-bin": {
      "version": "3.0.1",
      "resolved": "https://registry.npmjs.org/npm-normalize-package-bin/-/npm-normalize-package-bin-3.0.1.tgz",
      "integrity": "sha512-dMxCf+zZ+3zeQZXKxmyuCKlIDPGuv8EF940xbkC4kQVDTtqoh6rJFO+JTKSA6/Rwi0getWmtuy4Itup0AMcaDQ==",
      "dev": true,
      "license": "ISC",
      "engines": {
        "node": "^14.17.0 || ^16.13.0 || >=18.0.0"
      }
    },
    "node_modules/packageurl-js": {
      "version": "2.0.1",
      "resolved": "https://registry.npmjs.org/packageurl-js/-/packageurl-js-2.0.1.tgz",
      "integrity": "sha512-N5ixXjzTy4QDQH0Q9YFjqIWd6zH6936Djpl2m9QNFmDv5Fum8q8BjkpAcHNMzOFE0IwQrFhJWex3AN6kS0OSwg==",
      "dev": true,
      "license": "MIT"
    },
    "node_modules/prebuild-install": {
      "version": "7.1.3",
      "resolved": "https://registry.npmjs.org/prebuild-install/-/prebuild-install-7.1.3.tgz",
      "integrity": "sha512-8Mf2cbV7x1cXPUILADGI3wuhfqWvtiLA1iclTDbFRZkgRQS0NqsPZphna9V+HyTEadheuPmjaJMsbzKQFOzLug==",
      "dev": true,
      "license": "MIT",
      "optional": true,
      "dependencies": {
        "detect-libc": "^2.0.0",
        "expand-template": "^2.0.3",
        "github-from-package": "0.0.0",
        "minimist": "^1.2.3",
        "mkdirp-classic": "^0.5.3",
        "napi-build-utils": "^2.0.0",
        "node-abi": "^3.3.0",
        "pump": "^3.0.0",
        "rc": "^1.2.7",
        "simple-get": "^4.0.0",
        "tar-fs": "^2.0.0",
        "tunnel-agent": "^0.6.0"
      },
      "bin": {
        "prebuild-install": "bin.js"
      },
      "engines": {
        "node": ">=10"
      }
    },
    "node_modules/prebuild-install/node_modules/chownr": {
      "version": "1.1.4",
      "resolved": "https://registry.npmjs.org/chownr/-/chownr-1.1.4.tgz",
      "integrity": "sha512-jJ0bqzaylmJtVnNgzTeSOs8DPavpbYgEr/b0YL8/2GO3xJEhInFmhKMUnEJQjZumK7KXGFhUy89PrsJWlakBVg==",
      "dev": true,
      "license": "ISC",
      "optional": true
    },
    "node_modules/prebuild-install/node_modules/tar-fs": {
      "version": "2.1.4",
      "resolved": "https://registry.npmjs.org/tar-fs/-/tar-fs-2.1.4.tgz",
      "integrity": "sha512-mDAjwmZdh7LTT6pNleZ05Yt65HC3E+NiQzl672vQG38jIrehtJk/J3mNwIg+vShQPcLF/LV7CMnDW6vjj6sfYQ==",
      "dev": true,
      "license": "MIT",
      "optional": true,
      "dependencies": {
        "chownr": "^1.1.1",
        "mkdirp-classic": "^0.5.2",
        "pump": "^3.0.0",
        "tar-stream": "^2.1.4"
      }
    },
    "node_modules/prebuild-install/node_modules/tar-stream": {
      "version": "2.2.0",
      "resolved": "https://registry.npmjs.org/tar-stream/-/tar-stream-2.2.0.tgz",
      "integrity": "sha512-ujeqbceABgwMZxEJnk2HDY2DlnUZ+9oEcb1KzTVfYHio0UE6dG71n60d8D2I4qNvleWrrXpmjpt7vZeF1LnMZQ==",
      "dev": true,
      "license": "MIT",
      "optional": true,
      "dependencies": {
        "bl": "^4.0.3",
        "end-of-stream": "^1.4.1",
        "fs-constants": "^1.0.0",
        "inherits": "^2.0.3",
        "readable-stream": "^3.1.1"
      },
      "engines": {
        "node": ">=6"
      }
    },
    "node_modules/promise-retry": {
      "version": "2.0.1",
      "resolved": "https://registry.npmjs.org/promise-retry/-/promise-retry-2.0.1.tgz",
      "integrity": "sha512-y+WKFlBR8BGXnsNlIHFGPZmyDf3DFMoLhaflAnyZgV6rG6xu+JwesTo2Q9R6XwYmtmwAFCkAk3e35jEdoeh/3g==",
      "dev": true,
      "license": "MIT",
      "optional": true,
      "dependencies": {
        "err-code": "^2.0.2",
        "retry": "^0.12.0"
      },
      "engines": {
        "node": ">=10"
      }
    },
    "node_modules/quick-format-unescaped": {
      "version": "4.0.4",
      "resolved": "https://registry.npmjs.org/quick-format-unescaped/-/quick-format-unescaped-4.0.4.tgz",
      "integrity": "sha512-tYC1Q1hgyRuHgloV/YXs2w15unPVh8qfu/qCTfhTYamaw7fyhumKa2yGpdSo87vY32rIclj+4fWYQXUMs9EHvg==",
      "dev": true,
      "license": "MIT"
    },
    "node_modules/railroad-diagrams": {
      "version": "1.0.0",
      "resolved": "https://registry.npmjs.org/railroad-diagrams/-/railroad-diagrams-1.0.0.tgz",
      "integrity": "sha512-cz93DjNeLY0idrCNOH6PviZGRN9GJhsdm9hpn1YCS879fj4W+x5IFJhhkRZcwVgMmFF7R82UA/7Oh+R8lLZg6A==",
      "dev": true,
      "license": "CC0-1.0",
      "optional": true
    },
    "node_modules/randexp": {
      "version": "0.4.6",
      "resolved": "https://registry.npmjs.org/randexp/-/randexp-0.4.6.tgz",
      "integrity": "sha512-80WNmd9DA0tmZrw9qQa62GPPWfuXJknrmVmLcxvq4uZBdYqb1wYoKTmnlGUchvVWe0XiLupYkBoXVOxz3C8DYQ==",
      "license": "MIT",
      "optional": true,
      "dependencies": {
        "discontinuous-range": "1.0.0",
        "ret": "~0.1.10"
      },
      "engines": {
        "node": ">=0.12"
      }
    "node_modules/read-installed-packages": {
      "version": "2.0.1",
      "resolved": "https://registry.npmjs.org/read-installed-packages/-/read-installed-packages-2.0.1.tgz",
      "integrity": "sha512-t+fJOFOYaZIjBpTVxiV8Mkt7yQyy4E6MSrrnt5FmPd4enYvpU/9DYGirDmN1XQwkfeuWIhM/iu0t2rm6iSr0CA==",
      "dev": true,
      "license": "ISC",
      "dependencies": {
        "@npmcli/fs": "^3.1.0",
        "debug": "^4.3.4",
        "read-package-json": "^6.0.0",
        "semver": "2 || 3 || 4 || 5 || 6 || 7",
        "slide": "~1.1.3"
      },
      "engines": {
        "node": "^14.17.0 || ^16.13.0 || >=18.0.0"
      },
      "optionalDependencies": {
        "graceful-fs": "^4.1.2"
      }
    },
    "node_modules/read-package-json": {
      "version": "6.0.4",
      "resolved": "https://registry.npmjs.org/read-package-json/-/read-package-json-6.0.4.tgz",
      "integrity": "sha512-AEtWXYfopBj2z5N5PbkAOeNHRPUg5q+Nen7QLxV8M2zJq1ym6/lCz3fYNTCXe19puu2d06jfHhrP7v/S2PtMMw==",
      "deprecated": "This package is no longer supported. Please use @npmcli/package-json instead.",
      "dev": true,
      "license": "ISC",
      "dependencies": {
        "glob": "^10.2.2",
        "json-parse-even-better-errors": "^3.0.0",
        "normalize-package-data": "^5.0.0",
        "npm-normalize-package-bin": "^3.0.0"
      },
      "engines": {
        "node": "^14.17.0 || ^16.13.0 || >=18.0.0"
      }
    },
    "node_modules/read-package-json/node_modules/hosted-git-info": {
      "version": "6.1.3",
      "resolved": "https://registry.npmjs.org/hosted-git-info/-/hosted-git-info-6.1.3.tgz",
      "integrity": "sha512-HVJyzUrLIL1c0QmviVh5E8VGyUS7xCFPS6yydaVd1UegW+ibV/CohqTH9MkOLDp5o+rb82DMo77PTuc9F/8GKw==",
      "dev": true,
      "license": "ISC",
      "dependencies": {
        "lru-cache": "^7.5.1"
      },
      "engines": {
        "node": "^14.17.0 || ^16.13.0 || >=18.0.0"
      }
    },
    "node_modules/read-package-json/node_modules/lru-cache": {
      "version": "7.18.3",
      "resolved": "https://registry.npmjs.org/lru-cache/-/lru-cache-7.18.3.tgz",
      "integrity": "sha512-jumlc0BIUrS3qJGgIkWZsyfAM7NCWiBcCDhnd+3NNM5KbBmLTgHVfWBcg6W+rLUsIpzpERPsvwUP7CckAQSOoA==",
      "dev": true,
      "license": "ISC",
      "engines": {
        "node": ">=12"
      }
    },
    "node_modules/read-package-json/node_modules/normalize-package-data": {
      "version": "5.0.0",
      "resolved": "https://registry.npmjs.org/normalize-package-data/-/normalize-package-data-5.0.0.tgz",
      "integrity": "sha512-h9iPVIfrVZ9wVYQnxFgtw1ugSvGEMOlyPWWtm8BMJhnwyEL/FLbYbTY3V3PpjI/BUK67n9PEWDu6eHzu1fB15Q==",
      "dev": true,
      "license": "BSD-2-Clause",
      "dependencies": {
        "hosted-git-info": "^6.0.0",
        "is-core-module": "^2.8.1",
        "semver": "^7.3.5",
        "validate-npm-package-license": "^3.0.4"
      },
      "engines": {
        "node": "^14.17.0 || ^16.13.0 || >=18.0.0"
      }
    },
    "node_modules/readable-stream": {
      "version": "3.6.2",
      "resolved": "https://registry.npmjs.org/readable-stream/-/readable-stream-3.6.2.tgz",
      "integrity": "sha512-9u/sniCrY3D5WdsERHzHE4G2YCXqoG5FTHUiCC4SIbr6XcLZBY05ya9EKjYek9O5xOAwjGq+1JdGBAS7Q9ScoA==",
      "dev": true,
      "license": "MIT",
      "dependencies": {
        "inherits": "^2.0.3",
        "string_decoder": "^1.1.1",
        "util-deprecate": "^1.0.1"
      },
      "engines": {
        "node": ">= 6"
      }
    },
    "node_modules/ret": {
      "version": "0.1.15",
      "resolved": "https://registry.npmjs.org/ret/-/ret-0.1.15.tgz",
      "integrity": "sha512-TTlYpa+OL+vMMNG24xSlQGEJ3B/RzEfUlLct7b5G/ytav+wPrplCpVMFuwzXbkecJrb6IYo1iFb0S9v37754mg==",
      "dev": true,
      "license": "MIT",
      "optional": true,
      "engines": {
        "node": ">=0.12"
      }
    },
    "node_modules/retry": {
      "version": "0.12.0",
      "resolved": "https://registry.npmjs.org/retry/-/retry-0.12.0.tgz",
      "integrity": "sha512-9LkiTwjUh6rT555DtE9rTX+BKByPfrMzEAtnlEtdEwr3Nkffwiihqe2bWADg+OQRjt9gl6ICdmB/ZFDCGAtSow==",
      "dev": true,
      "license": "MIT",
      "optional": true,
      "engines": {
        "node": ">= 4"
      }
    },
      "devOptional": true,
    "node_modules/schemes": {
      "version": "1.4.0",
      "resolved": "https://registry.npmjs.org/schemes/-/schemes-1.4.0.tgz",
      "integrity": "sha512-ImFy9FbCsQlVgnE3TCWmLPCFnVzx0lHL/l+umHplDqAKd0dzFpnS6lFZIpagBlYhKwzVmlV36ec0Y1XTu8JBAQ==",
      "dev": true,
      "license": "MIT",
      "optional": true,
      "dependencies": {
        "extend": "^3.0.0"
      }
    },
    "node_modules/simple-concat": {
      "version": "1.0.1",
      "resolved": "https://registry.npmjs.org/simple-concat/-/simple-concat-1.0.1.tgz",
      "integrity": "sha512-cSFtAPtRhljv69IK0hTVZQ+OfE9nePi/rtJmw5UjHeVyVroEqJXP1sFztKUy1qU+xvz3u/sfYJLa947b7nAN2Q==",
      "dev": true,
      "funding": [
        {
          "type": "github",
          "url": "https://github.com/sponsors/feross"
        },
        {
          "type": "patreon",
          "url": "https://www.patreon.com/feross"
        },
        {
          "type": "consulting",
          "url": "https://feross.org/support"
        }
      ],
      "license": "MIT",
      "optional": true
    },
    "node_modules/simple-get": {
      "version": "4.0.1",
      "resolved": "https://registry.npmjs.org/simple-get/-/simple-get-4.0.1.tgz",
      "integrity": "sha512-brv7p5WgH0jmQJr1ZDDfKDOSeWWg+OVypG99A/5vYGPqJ6pxiaHLy8nxtFjBA7oMa01ebA9gfh1uMCFqOuXxvA==",
      "dev": true,
      "funding": [
        {
          "type": "github",
          "url": "https://github.com/sponsors/feross"
        },
        {
          "type": "patreon",
          "url": "https://www.patreon.com/feross"
        },
        {
          "type": "consulting",
          "url": "https://feross.org/support"
        }
      ],
      "license": "MIT",
      "optional": true,
      "dependencies": {
        "decompress-response": "^6.0.0",
        "once": "^1.3.1",
        "simple-concat": "^1.0.0"
      }
    },
    "node_modules/slide": {
      "version": "1.1.6",
      "resolved": "https://registry.npmjs.org/slide/-/slide-1.1.6.tgz",
      "integrity": "sha512-NwrtjCg+lZoqhFU8fOwl4ay2ei8PaqCBOUV3/ektPY9trO1yQ1oXEfmHAhKArUVUr/hOHvy5f6AdP17dCM0zMw==",
      "dev": true,
      "license": "ISC",
      "engines": {
        "node": "*"
      }
    },
    "node_modules/smtp-address-parser": {
      "version": "1.1.0",
      "resolved": "https://registry.npmjs.org/smtp-address-parser/-/smtp-address-parser-1.1.0.tgz",
      "integrity": "sha512-Gz11jbNU0plrReU9Sj7fmshSBxxJ9ShdD2q4ktHIHo/rpTH6lFyQoYHYKINPJtPe8aHFnsbtW46Ls0tCCBsIZg==",
      "dev": true,
      "license": "MIT",
      "optional": true,
      "dependencies": {
        "nearley": "^2.20.1"
      },
      "engines": {
        "node": ">=0.10"
      }
    },
    "node_modules/spdx-compare": {
      "version": "1.0.0",
      "resolved": "https://registry.npmjs.org/spdx-compare/-/spdx-compare-1.0.0.tgz",
      "integrity": "sha512-C1mDZOX0hnu0ep9dfmuoi03+eOdDoz2yvK79RxbcrVEG1NO1Ph35yW102DHWKN4pk80nwCgeMmSY5L25VE4D9A==",
      "dev": true,
      "license": "MIT",
      "dependencies": {
        "array-find-index": "^1.0.2",
        "spdx-expression-parse": "^3.0.0",
        "spdx-ranges": "^2.0.0"
      }
    },
    "node_modules/spdx-correct": {
      "version": "3.2.0",
      "resolved": "https://registry.npmjs.org/spdx-correct/-/spdx-correct-3.2.0.tgz",
      "integrity": "sha512-kN9dJbvnySHULIluDHy32WHRUu3Og7B9sbY7tsFLctQkIqnMh3hErYgdMjTYuqmcXX+lK5T1lnUt3G7zNswmZA==",
      "dev": true,
      "license": "Apache-2.0",
      "dependencies": {
        "spdx-expression-parse": "^3.0.0",
        "spdx-license-ids": "^3.0.0"
      }
    },
    "node_modules/spdx-exceptions": {
      "version": "2.5.0",
      "resolved": "https://registry.npmjs.org/spdx-exceptions/-/spdx-exceptions-2.5.0.tgz",
      "integrity": "sha512-PiU42r+xO4UbUS1buo3LPJkjlO7430Xn5SVAhdpzzsPHsjbYVflnnFdATgabnLude+Cqu25p6N+g2lw/PFsa4w==",
      "dev": true,
      "license": "CC-BY-3.0"
    },
    "node_modules/spdx-expression-parse": {
      "version": "3.0.1",
      "resolved": "https://registry.npmjs.org/spdx-expression-parse/-/spdx-expression-parse-3.0.1.tgz",
      "integrity": "sha512-cbqHunsQWnJNE6KhVSMsMeH5H/L9EpymbzqTQ3uLwNCLZ1Q481oWaofqH7nO6V07xlXwY6PhQdQ2IedWx/ZK4Q==",
      "dev": true,
      "license": "MIT",
      "dependencies": {
        "spdx-exceptions": "^2.1.0",
        "spdx-license-ids": "^3.0.0"
      }
    },
    "node_modules/spdx-license-ids": {
      "version": "3.0.22",
      "resolved": "https://registry.npmjs.org/spdx-license-ids/-/spdx-license-ids-3.0.22.tgz",
      "integrity": "sha512-4PRT4nh1EImPbt2jASOKHX7PB7I+e4IWNLvkKFDxNhJlfjbYlleYQh285Z/3mPTHSAK/AvdMmw5BNNuYH8ShgQ==",
      "dev": true,
      "license": "CC0-1.0"
    },
    "node_modules/spdx-ranges": {
      "version": "2.1.1",
      "resolved": "https://registry.npmjs.org/spdx-ranges/-/spdx-ranges-2.1.1.tgz",
      "integrity": "sha512-mcdpQFV7UDAgLpXEE/jOMqvK4LBoO0uTQg0uvXUewmEFhpiZx5yJSZITHB8w1ZahKdhfZqP5GPEOKLyEq5p8XA==",
      "dev": true,
      "license": "(MIT AND CC-BY-3.0)"
    },
    "node_modules/spdx-satisfies": {
      "version": "5.0.1",
      "resolved": "https://registry.npmjs.org/spdx-satisfies/-/spdx-satisfies-5.0.1.tgz",
      "integrity": "sha512-Nwor6W6gzFp8XX4neaKQ7ChV4wmpSh2sSDemMFSzHxpTw460jxFYeOn+jq4ybnSSw/5sc3pjka9MQPouksQNpw==",
      "dev": true,
      "license": "MIT",
      "dependencies": {
        "spdx-compare": "^1.0.0",
        "spdx-expression-parse": "^3.0.0",
        "spdx-ranges": "^2.0.0"
      }
    },
    "node_modules/treeify": {
      "version": "1.1.0",
      "resolved": "https://registry.npmjs.org/treeify/-/treeify-1.1.0.tgz",
      "integrity": "sha512-1m4RA7xVAJrSGrrXGs0L3YTwyvBs2S8PbRHaLZAkFw7JR8oIFwYtysxlBZhYIa7xSyiYJKZ3iGrrk55cGA3i9A==",
      "dev": true,
      "license": "MIT",
      "engines": {
        "node": ">=0.6"
      }
    },
    "node_modules/tunnel-agent": {
      "version": "0.6.0",
      "resolved": "https://registry.npmjs.org/tunnel-agent/-/tunnel-agent-0.6.0.tgz",
      "integrity": "sha512-McnNiV1l8RYeY8tBgEpuodCC1mLUdbSN+CYBL7kJsJNInOP8UjDDEwdk6Mw60vdLLrr5NHKZhMAOSrR2NZuQ+w==",
      "dev": true,
      "license": "Apache-2.0",
      "optional": true,
      "dependencies": {
        "safe-buffer": "^5.0.1"
      },
      "engines": {
        "node": "*"
      }
    },
    "node_modules/validate-npm-package-license": {
      "version": "3.0.4",
      "resolved": "https://registry.npmjs.org/validate-npm-package-license/-/validate-npm-package-license-3.0.4.tgz",
      "integrity": "sha512-DpKm2Ui/xN7/HQKCtpZxoRWBhZ9Z0kqtygG8XCgNQ8ZlDnxuQmWhj566j8fN4Cu3/JmbhsDo7fcAJq4s9h27Ew==",
      "dev": true,
      "license": "Apache-2.0",
      "dependencies": {
        "spdx-correct": "^3.0.0",
        "spdx-expression-parse": "^3.0.0"
      }
    },
    "node_modules/xmlbuilder2": {
      "version": "3.1.1",
      "resolved": "https://registry.npmjs.org/xmlbuilder2/-/xmlbuilder2-3.1.1.tgz",
      "integrity": "sha512-WCSfbfZnQDdLQLiMdGUQpMxxckeQ4oZNMNhLVkcekTu7xhD4tuUDyAPoY8CwXvBYE6LwBHd6QW2WZXlOWr1vCw==",
      "dev": true,
      "license": "MIT",
      "dependencies": {
        "@oozcitak/dom": "1.15.10",
        "@oozcitak/infra": "1.0.8",
        "@oozcitak/util": "8.3.8",
        "js-yaml": "3.14.1"
      },
      "engines": {
        "node": ">=12.0"
      }
    },
    "node_modules/xmlbuilder2/node_modules/argparse": {
      "version": "1.0.10",
      "resolved": "https://registry.npmjs.org/argparse/-/argparse-1.0.10.tgz",
      "integrity": "sha512-o5Roy6tNG4SL/FOkCAN6RzjiakZS25RLYFrcMttJqbdd8BWrnA+fGz57iN5Pb06pvBGvl5gQ0B48dJlslXvoTg==",
      "dev": true,
      "license": "MIT",
      "dependencies": {
        "sprintf-js": "~1.0.2"
      }
    },
    "node_modules/xmlbuilder2/node_modules/js-yaml": {
      "version": "3.14.1",
      "resolved": "https://registry.npmjs.org/js-yaml/-/js-yaml-3.14.1.tgz",
      "integrity": "sha512-okMH7OXXJ7YrN9Ok3/SXrnu4iX9yOk+25nqX4imS2npuvTYDmo/QEZoqwZkYaIDk3jVvBOTOIEgEhaLOynBS9g==",
      "dev": true,
      "license": "MIT",
      "dependencies": {
        "argparse": "^1.0.7",
        "esprima": "^4.0.0"
      },
      "bin": {
        "js-yaml": "bin/js-yaml.js"
      }
    },
